
Microsoft Visual Studio Solution File, Format Version 12.00
Project("{FAE04EC0-301F-11D3-BF4B-00C04F79EFBC}") = "TimeSubstract", "TimeSubstract\TimeSubstract.csproj", "{05DC8414-8296-4681-831E-E3AC13F8CAEE}"
EndProject
Global
	GlobalSection(SolutionConfigurationPlatforms) = preSolution
		Debug|Any CPU = Debug|Any CPU
		Release|Any CPU = Release|Any CPU
	EndGlobalSection
	GlobalSection(ProjectConfigurationPlatforms) = postSolution
		{05DC8414-8296-4681-831E-E3AC13F8CAEE}.Debug|Any CPU.ActiveCfg = Debug|Any CPU
		{05DC8414-8296-4681-831E-E3AC13F8CAEE}.Debug|Any CPU.Build.0 = Debug|Any CPU
		{05DC8414-8296-4681-831E-E3AC13F8CAEE}.Release|Any CPU.ActiveCfg = Release|Any CPU
		{05DC8414-8296-4681-831E-E3AC13F8CAEE}.Release|Any CPU.Build.0 = Release|Any CPU
	EndGlobalSection
EndGlobal
